// !$*UTF8*$!
{
	archiveVersion = 1;
	classes = {
	};
	objectVersion = 50;
	objects = {

/* Begin PBXBuildFile section */
		8AEED4AB224ABDE500403F14 /* AppDelegate.swift in Sources */ = {isa = PBXBuildFile; fileRef = 8AEED4AA224ABDE500403F14 /* AppDelegate.swift */; };
		8AEED4AD224ABDE500403F14 /* ViewController.swift in Sources */ = {isa = PBXBuildFile; fileRef = 8AEED4AC224ABDE500403F14 /* ViewController.swift */; };
		8AEED4B0224ABDE500403F14 /* Main.storyboard in Resources */ = {isa = PBXBuildFile; fileRef = 8AEED4AE224ABDE500403F14 /* Main.storyboard */; };
		8AEED4B2224ABDE800403F14 /* Assets.xcassets in Resources */ = {isa = PBXBuildFile; fileRef = 8AEED4B1224ABDE800403F14 /* Assets.xcassets */; };
		8AEED4B5224ABDE900403F14 /* LaunchScreen.storyboard in Resources */ = {isa = PBXBuildFile; fileRef = 8AEED4B3224ABDE900403F14 /* LaunchScreen.storyboard */; };
		8AEED4C0224ABDE900403F14 /* TaxiAppTests.swift in Sources */ = {isa = PBXBuildFile; fileRef = 8AEED4BF224ABDE900403F14 /* TaxiAppTests.swift */; };
		8AEED4CB224ABDE900403F14 /* TaxiAppUITests.swift in Sources */ = {isa = PBXBuildFile; fileRef = 8AEED4CA224ABDE900403F14 /* TaxiAppUITests.swift */; };
		8AEED4D9224AF5E300403F14 /* ratings.swift in Sources */ = {isa = PBXBuildFile; fileRef = 8AEED4D8224AF5E300403F14 /* ratings.swift */; };
/* End PBXBuildFile section */

/* Begin PBXContainerItemProxy section */
		8AEED4BC224ABDE900403F14 /* PBXContainerItemProxy */ = {
			isa = PBXContainerItemProxy;
			containerPortal = 8AEED49F224ABDE500403F14 /* Project object */;
			proxyType = 1;
			remoteGlobalIDString = 8AEED4A6224ABDE500403F14;
			remoteInfo = TaxiApp;
		};
		8AEED4C7224ABDE900403F14 /* PBXContainerItemProxy */ = {
			isa = PBXContainerItemProxy;
			containerPortal = 8AEED49F224ABDE500403F14 /* Project object */;
			proxyType = 1;
			remoteGlobalIDString = 8AEED4A6224ABDE500403F14;
			remoteInfo = TaxiApp;
		};
/* End PBXContainerItemProxy section */

/* Begin PBXFileReference section */
		8AEED4A7224ABDE500403F14 /* TaxiApp.app */ = {isa = PBXFileReference; explicitFileType = wrapper.application; includeInIndex = 0; path = TaxiApp.app; sourceTree = BUILT_PRODUCTS_DIR; };
		8AEED4AA224ABDE500403F14 /* AppDelegate.swift */ = {isa = PBXFileReference; lastKnownFileType = sourcecode.swift; path = AppDelegate.swift; sourceTree = "<group>"; };
		8AEED4AC224ABDE500403F14 /* ViewController.swift */ = {isa = PBXFileReference; lastKnownFileType = sourcecode.swift; path = ViewController.swift; sourceTree = "<group>"; };
		8AEED4AF224ABDE500403F14 /* Base */ = {isa = PBXFileReference; lastKnownFileType = file.storyboard; name = Base; path = Base.lproj/Main.storyboard; sourceTree = "<group>"; };
		8AEED4B1224ABDE800403F14 /* Assets.xcassets */ = {isa = PBXFileReference; lastKnownFileType = folder.assetcatalog; path = Assets.xcassets; sourceTree = "<group>"; };
		8AEED4B4224ABDE900403F14 /* Base */ = {isa = PBXFileReference; lastKnownFileType = file.storyboard; name = Base; path = Base.lproj/LaunchScreen.storyboard; sourceTree = "<group>"; };
		8AEED4B6224ABDE900403F14 /* Info.plist */ = {isa = PBXFileReference; lastKnownFileType = text.plist.xml; path = Info.plist; sourceTree = "<group>"; };
		8AEED4BB224ABDE900403F14 /* TaxiAppTests.xctest */ = {isa = PBXFileReference; explicitFileType = wrapper.cfbundle; includeInIndex = 0; path = TaxiAppTests.xctest; sourceTree = BUILT_PRODUCTS_DIR; };
		8AEED4BF224ABDE900403F14 /* TaxiAppTests.swift */ = {isa = PBXFileReference; lastKnownFileType = sourcecode.swift; path = TaxiAppTests.swift; sourceTree = "<group>"; };
		8AEED4C1224ABDE900403F14 /* Info.plist */ = {isa = PBXFileReference; lastKnownFileType = text.plist.xml; path = Info.plist; sourceTree = "<group>"; };
		8AEED4C6224ABDE900403F14 /* TaxiAppUITests.xctest */ = {isa = PBXFileReference; explicitFileType = wrapper.cfbundle; includeInIndex = 0; path = TaxiAppUITests.xctest; sourceTree = BUILT_PRODUCTS_DIR; };
		8AEED4CA224ABDE900403F14 /* TaxiAppUITests.swift */ = {isa = PBXFileReference; lastKnownFileType = sourcecode.swift; path = TaxiAppUITests.swift; sourceTree = "<group>"; };
		8AEED4CC224ABDE900403F14 /* Info.plist */ = {isa = PBXFileReference; lastKnownFileType = text.plist.xml; path = Info.plist; sourceTree = "<group>"; };
		8AEED4D8224AF5E300403F14 /* ratings.swift */ = {isa = PBXFileReference; lastKnownFileType = sourcecode.swift; path = ratings.swift; sourceTree = "<group>"; };
/* End PBXFileReference section */

/* Begin PBXFrameworksBuildPhase section */
		8AEED4A4224ABDE500403F14 /* Frameworks */ = {
			isa = PBXFrameworksBuildPhase;
			buildActionMask = 2147483647;
			files = (
			);
			runOnlyForDeploymentPostprocessing = 0;
		};
		8AEED4B8224ABDE900403F14 /* Frameworks */ = {
			isa = PBXFrameworksBuildPhase;
			buildActionMask = 2147483647;
			files = (
			);
			runOnlyForDeploymentPostprocessing = 0;
		};
		8AEED4C3224ABDE900403F14 /* Frameworks */ = {
			isa = PBXFrameworksBuildPhase;
			buildActionMask = 2147483647;
			files = (
			);
			runOnlyForDeploymentPostprocessing = 0;
		};
/* End PBXFrameworksBuildPhase section */

/* Begin PBXGroup section */
		8AEED49E224ABDE500403F14 = {
			isa = PBXGroup;
			children = (
				8AEED4A9224ABDE500403F14 /* TaxiApp */,
				8AEED4BE224ABDE900403F14 /* TaxiAppTests */,
				8AEED4C9224ABDE900403F14 /* TaxiAppUITests */,
				8AEED4A8224ABDE500403F14 /* Products */,
			);
			sourceTree = "<group>";
		};
		8AEED4A8224ABDE500403F14 /* Products */ = {
			isa = PBXGroup;
			children = (
				8AEED4A7224ABDE500403F14 /* TaxiApp.app */,
				8AEED4BB224ABDE900403F14 /* TaxiAppTests.xctest */,
				8AEED4C6224ABDE900403F14 /* TaxiAppUITests.xctest */,
			);
			name = Products;
			sourceTree = "<group>";
		};
		8AEED4A9224ABDE500403F14 /* TaxiApp */ = {
			isa = PBXGroup;
			children = (
				8AEED4AA224ABDE500403F14 /* AppDelegate.swift */,
				8AEED4AC224ABDE500403F14 /* ViewController.swift */,
				8AEED4AE224ABDE500403F14 /* Main.storyboard */,
				8AEED4B1224ABDE800403F14 /* Assets.xcassets */,
				8AEED4B3224ABDE900403F14 /* LaunchScreen.storyboard */,
				8AEED4B6224ABDE900403F14 /* Info.plist */,
				8AEED4D8224AF5E300403F14 /* ratings.swift */,
			);
			path = TaxiApp;
			sourceTree = "<group>";
		};
		8AEED4BE224ABDE900403F14 /* TaxiAppTests */ = {
			isa = PBXGroup;
			children = (
				8AEED4BF224ABDE900403F14 /* TaxiAppTests.swift */,
				8AEED4C1224ABDE900403F14 /* Info.plist */,
			);
			path = TaxiAppTests;
			sourceTree = "<group>";
		};
		8AEED4C9224ABDE900403F14 /* TaxiAppUITests */ = {
			isa = PBXGroup;
			children = (
				8AEED4CA224ABDE900403F14 /* TaxiAppUITests.swift */,
				8AEED4CC224ABDE900403F14 /* Info.plist */,
			);
			path = TaxiAppUITests;
			sourceTree = "<group>";
		};
/* End PBXGroup section */

/* Begin PBXNativeTarget section */
		8AEED4A6224ABDE500403F14 /* TaxiApp */ = {
			isa = PBXNativeTarget;
			buildConfigurationList = 8AEED4CF224ABDE900403F14 /* Build configuration list for PBXNativeTarget "TaxiApp" */;
			buildPhases = (
				8AEED4A3224ABDE500403F14 /* Sources */,
				8AEED4A4224ABDE500403F14 /* Frameworks */,
				8AEED4A5224ABDE500403F14 /* Resources */,
			);
			buildRules = (
			);
			dependencies = (
			);
			name = TaxiApp;
			productName = TaxiApp;
			productReference = 8AEED4A7224ABDE500403F14 /* TaxiApp.app */;
			productType = "com.apple.product-type.application";
		};
		8AEED4BA224ABDE900403F14 /* TaxiAppTests */ = {
			isa = PBXNativeTarget;
			buildConfigurationList = 8AEED4D2224ABDE900403F14 /* Build configuration list for PBXNativeTarget "TaxiAppTests" */;
			buildPhases = (
				8AEED4B7224ABDE900403F14 /* Sources */,
				8AEED4B8224ABDE900403F14 /* Frameworks */,
				8AEED4B9224ABDE900403F14 /* Resources */,
			);
			buildRules = (
			);
			dependencies = (
				8AEED4BD224ABDE900403F14 /* PBXTargetDependency */,
			);
			name = TaxiAppTests;
			productName = TaxiAppTests;
			productReference = 8AEED4BB224ABDE900403F14 /* TaxiAppTests.xctest */;
			productType = "com.apple.product-type.bundle.unit-test";
		};
		8AEED4C5224ABDE900403F14 /* TaxiAppUITests */ = {
			isa = PBXNativeTarget;
			buildConfigurationList = 8AEED4D5224ABDE900403F14 /* Build configuration list for PBXNativeTarget "TaxiAppUITests" */;
			buildPhases = (
				8AEED4C2224ABDE900403F14 /* Sources */,
				8AEED4C3224ABDE900403F14 /* Frameworks */,
				8AEED4C4224ABDE900403F14 /* Resources */,
			);
			buildRules = (
			);
			dependencies = (
				8AEED4C8224ABDE900403F14 /* PBXTargetDependency */,
			);
			name = TaxiAppUITests;
			productName = TaxiAppUITests;
			productReference = 8AEED4C6224ABDE900403F14 /* TaxiAppUITests.xctest */;
			productType = "com.apple.product-type.bundle.ui-testing";
		};
/* End PBXNativeTarget section */

/* Begin PBXProject section */
		8AEED49F224ABDE500403F14 /* Project object */ = {
			isa = PBXProject;
			attributes = {
				LastSwiftUpdateCheck = 1010;
				LastUpgradeCheck = 1010;
				ORGANIZATIONNAME = "Jing Wei Nicholas Lim";
				TargetAttributes = {
					8AEED4A6224ABDE500403F14 = {
						CreatedOnToolsVersion = 10.1;
					};
					8AEED4BA224ABDE900403F14 = {
						CreatedOnToolsVersion = 10.1;
						TestTargetID = 8AEED4A6224ABDE500403F14;
					};
					8AEED4C5224ABDE900403F14 = {
						CreatedOnToolsVersion = 10.1;
						TestTargetID = 8AEED4A6224ABDE500403F14;
					};
				};
			};
			buildConfigurationList = 8AEED4A2224ABDE500403F14 /* Build configuration list for PBXProject "TaxiApp" */;
			compatibilityVersion = "Xcode 9.3";
			developmentRegion = en;
			hasScannedForEncodings = 0;
			knownRegions = (
				en,
				Base,
			);
			mainGroup = 8AEED49E224ABDE500403F14;
			productRefGroup = 8AEED4A8224ABDE500403F14 /* Products */;
			projectDirPath = "";
			projectRoot = "";
			targets = (
				8AEED4A6224ABDE500403F14 /* TaxiApp */,
				8AEED4BA224ABDE900403F14 /* TaxiAppTests */,
				8AEED4C5224ABDE900403F14 /* TaxiAppUITests */,
			);
		};
/* End PBXProject section */

/* Begin PBXResourcesBuildPhase section */
		8AEED4A5224ABDE500403F14 /* Resources */ = {
			isa = PBXResourcesBuildPhase;
			buildActionMask = 2147483647;
			files = (
				8AEED4B5224ABDE900403F14 /* LaunchScreen.storyboard in Resources */,
				8AEED4B2224ABDE800403F14 /* Assets.xcassets in Resources */,
				8AEED4B0224ABDE500403F14 /* Main.storyboard in Resources */,
			);
			runOnlyForDeploymentPostprocessing = 0;
		};
		8AEED4B9224ABDE900403F14 /* Resources */ = {
			isa = PBXResourcesBuildPhase;
			buildActionMask = 2147483647;
			files = (
			);
			runOnlyForDeploymentPostprocessing = 0;
		};
		8AEED4C4224ABDE900403F14 /* Resources */ = {
			isa = PBXResourcesBuildPhase;
			buildActionMask = 2147483647;
			files = (
			);
			runOnlyForDeploymentPostprocessing = 0;
		};
/* End PBXResourcesBuildPhase section */

/* Begin PBXSourcesBuildPhase section */
		8AEED4A3224ABDE500403F14 /* Sources */ = {
			isa = PBXSourcesBuildPhase;
			buildActionMask = 2147483647;
			files = (
				8AEED4D9224AF5E300403F14 /* ratings.swift in Sources */,
				8AEED4AD224ABDE500403F14 /* ViewController.swift in Sources */,
				8AEED4AB224ABDE500403F14 /* AppDelegate.swift in Sources */,
			);
			runOnlyForDeploymentPostprocessing = 0;
		};
		8AEED4B7224ABDE900403F14 /* Sources */ = {
			isa = PBXSourcesBuildPhase;
			buildActionMask = 2147483647;
			files = (
				8AEED4C0224ABDE900403F14 /* TaxiAppTests.swift in Sources */,
			);
			runOnlyForDeploymentPostprocessing = 0;
		};
		8AEED4C2224ABDE900403F14 /* Sources */ = {
			isa = PBXSourcesBuildPhase;
			buildActionMask = 2147483647;
			files = (
				8AEED4CB224ABDE900403F14 /* TaxiAppUITests.swift in Sources */,
			);
			runOnlyForDeploymentPostprocessing = 0;
		};
/* End PBXSourcesBuildPhase section */

/* Begin PBXTargetDependency section */
		8AEED4BD224ABDE900403F14 /* PBXTargetDependency */ = {
			isa = PBXTargetDependency;
			target = 8AEED4A6224ABDE500403F14 /* TaxiApp */;
			targetProxy = 8AEED4BC224ABDE900403F14 /* PBXContainerItemProxy */;
		};
		8AEED4C8224ABDE900403F14 /* PBXTargetDependency */ = {
			isa = PBXTargetDependency;
			target = 8AEED4A6224ABDE500403F14 /* TaxiApp */;
			targetProxy = 8AEED4C7224ABDE900403F14 /* PBXContainerItemProxy */;
		};
/* End PBXTargetDependency section */

/* Begin PBXVariantGroup section */
		8AEED4AE224ABDE500403F14 /* Main.storyboard */ = {
			isa = PBXVariantGroup;
			children = (
				8AEED4AF224ABDE500403F14 /* Base */,
			);
			name = Main.storyboard;
			sourceTree = "<group>";
		};
		8AEED4B3224ABDE900403F14 /* LaunchScreen.storyboard */ = {
			isa = PBXVariantGroup;
			children = (
				8AEED4B4224ABDE900403F14 /* Base */,
			);
			name = LaunchScreen.storyboard;
			sourceTree = "<group>";
		};
/* End PBXVariantGroup section */

/* Begin XCBuildConfiguration section */
		8AEED4CD224ABDE900403F14 /* Debug */ = {
			isa = XCBuildConfiguration;
			buildSettings = {
				ALWAYS_SEARCH_USER_PATHS = NO;
				CLANG_ANALYZER_NONNULL = YES;
				CLANG_ANALYZER_NUMBER_OBJECT_CONVERSION = YES_AGGRESSIVE;
				CLANG_CXX_LANGUAGE_STANDARD = "gnu++14";
				CLANG_CXX_LIBRARY = "libc++";
				CLANG_ENABLE_MODULES = YES;
				CLANG_ENABLE_OBJC_ARC = YES;
				CLANG_ENABLE_OBJC_WEAK = YES;
				CLANG_WARN_BLOCK_CAPTURE_AUTORELEASING = YES;
				CLANG_WARN_BOOL_CONVERSION = YES;
				CLANG_WARN_COMMA = YES;
				CLANG_WARN_CONSTANT_CONVERSION = YES;
				CLANG_WARN_DEPRECATED_OBJC_IMPLEMENTATIONS = YES;
				CLANG_WARN_DIRECT_OBJC_ISA_USAGE = YES_ERROR;
				CLANG_WARN_DOCUMENTATION_COMMENTS = YES;
				CLANG_WARN_EMPTY_BODY = YES;
				CLANG_WARN_ENUM_CONVERSION = YES;
				CLANG_WARN_INFINITE_RECURSION = YES;
				CLANG_WARN_INT_CONVERSION = YES;
				CLANG_WARN_NON_LITERAL_NULL_CONVERSION = YES;
				CLANG_WARN_OBJC_IMPLICIT_RETAIN_SELF = YES;
				CLANG_WARN_OBJC_LITERAL_CONVERSION = YES;
				CLANG_WARN_OBJC_ROOT_CLASS = YES_ERROR;
				CLANG_WARN_RANGE_LOOP_ANALYSIS = YES;
				CLANG_WARN_STRICT_PROTOTYPES = YES;
				CLANG_WARN_SUSPICIOUS_MOVE = YES;
				CLANG_WARN_UNGUARDED_AVAILABILITY = YES_AGGRESSIVE;
				CLANG_WARN_UNREACHABLE_CODE = YES;
				CLANG_WARN__DUPLICATE_METHOD_MATCH = YES;
				CODE_SIGN_IDENTITY = "iPhone Developer";
				COPY_PHASE_STRIP = NO;
				DEBUG_INFORMATION_FORMAT = dwarf;
				ENABLE_STRICT_OBJC_MSGSEND = YES;
				ENABLE_TESTABILITY = YES;
				GCC_C_LANGUAGE_STANDARD = gnu11;
				GCC_DYNAMIC_NO_PIC = NO;
				GCC_NO_COMMON_BLOCKS = YES;
				GCC_OPTIMIZATION_LEVEL = 0;
				GCC_PREPROCESSOR_DEFINITIONS = (
					"DEBUG=1",
					"$(inherited)",
				);
				GCC_WARN_64_TO_32_BIT_CONVERSION = YES;
				GCC_WARN_ABOUT_RETURN_TYPE = YES_ERROR;
				GCC_WARN_UNDECLARED_SELECTOR = YES;
				GCC_WARN_UNINITIALIZED_AUTOS = YES_AGGRESSIVE;
				GCC_WARN_UNUSED_FUNCTION = YES;
				GCC_WARN_UNUSED_VARIABLE = YES;
				IPHONEOS_DEPLOYMENT_TARGET = 12.1;
				MTL_ENABLE_DEBUG_INFO = INCLUDE_SOURCE;
				MTL_FAST_MATH = YES;
				ONLY_ACTIVE_ARCH = YES;
				SDKROOT = iphoneos;
				SWIFT_ACTIVE_COMPILATION_CONDITIONS = DEBUG;
				SWIFT_OPTIMIZATION_LEVEL = "-Onone";
			};
			name = Debug;
		};
		8AEED4CE224ABDE900403F14 /* Release */ = {
			isa = XCBuildConfiguration;
			buildSettings = {
				ALWAYS_SEARCH_USER_PATHS = NO;
				CLANG_ANALYZER_NONNULL = YES;
				CLANG_ANALYZER_NUMBER_OBJECT_CONVERSION = YES_AGGRESSIVE;
				CLANG_CXX_LANGUAGE_STANDARD = "gnu++14";
				CLANG_CXX_LIBRARY = "libc++";
				CLANG_ENABLE_MODULES = YES;
				CLANG_ENABLE_OBJC_ARC = YES;
				CLANG_ENABLE_OBJC_WEAK = YES;
				CLANG_WARN_BLOCK_CAPTURE_AUTORELEASING = YES;
				CLANG_WARN_BOOL_CONVERSION = YES;
				CLANG_WARN_COMMA = YES;
				CLANG_WARN_CONSTANT_CONVERSION = YES;
				CLANG_WARN_DEPRECATED_OBJC_IMPLEMENTATIONS = YES;
				CLANG_WARN_DIRECT_OBJC_ISA_USAGE = YES_ERROR;
				CLANG_WARN_DOCUMENTATION_COMMENTS = YES;
				CLANG_WARN_EMPTY_BODY = YES;
				CLANG_WARN_ENUM_CONVERSION = YES;
				CLANG_WARN_INFINITE_RECURSION = YES;
				CLANG_WARN_INT_CONVERSION = YES;
				CLANG_WARN_NON_LITERAL_NULL_CONVERSION = YES;
				CLANG_WARN_OBJC_IMPLICIT_RETAIN_SELF = YES;
				CLANG_WARN_OBJC_LITERAL_CONVERSION = YES;
				CLANG_WARN_OBJC_ROOT_CLASS = YES_ERROR;
				CLANG_WARN_RANGE_LOOP_ANALYSIS = YES;
				CLANG_WARN_STRICT_PROTOTYPES = YES;
				CLANG_WARN_SUSPICIOUS_MOVE = YES;
				CLANG_WARN_UNGUARDED_AVAILABILITY = YES_AGGRESSIVE;
				CLANG_WARN_UNREACHABLE_CODE = YES;
				CLANG_WARN__DUPLICATE_METHOD_MATCH = YES;
				CODE_SIGN_IDENTITY = "iPhone Developer";
				COPY_PHASE_STRIP = NO;
				DEBUG_INFORMATION_FORMAT = "dwarf-with-dsym";
				ENABLE_NS_ASSERTIONS = NO;
				ENABLE_STRICT_OBJC_MSGSEND = YES;
				GCC_C_LANGUAGE_STANDARD = gnu11;
				GCC_NO_COMMON_BLOCKS = YES;
				GCC_WARN_64_TO_32_BIT_CONVERSION = YES;
				GCC_WARN_ABOUT_RETURN_TYPE = YES_ERROR;
				GCC_WARN_UNDECLARED_SELECTOR = YES;
				GCC_WARN_UNINITIALIZED_AUTOS = YES_AGGRESSIVE;
				GCC_WARN_UNUSED_FUNCTION = YES;
				GCC_WARN_UNUSED_VARIABLE = YES;
				IPHONEOS_DEPLOYMENT_TARGET = 12.1;
				MTL_ENABLE_DEBUG_INFO = NO;
				MTL_FAST_MATH = YES;
				SDKROOT = iphoneos;
				SWIFT_COMPILATION_MODE = wholemodule;
				SWIFT_OPTIMIZATION_LEVEL = "-O";
				VALIDATE_PRODUCT = YES;
			};
			name = Release;
		};
		8AEED4D0224ABDE900403F14 /* Debug */ = {
			isa = XCBuildConfiguration;
			buildSettings = {
				ASSETCATALOG_COMPILER_APPICON_NAME = AppIcon;
				CODE_SIGN_STYLE = Automatic;
				INFOPLIST_FILE = TaxiApp/Info.plist;
				LD_RUNPATH_SEARCH_PATHS = (
					"$(inherited)",
					"@executable_path/Frameworks",
				);
				PRODUCT_BUNDLE_IDENTIFIER = com.example.TaxiApp;
				PRODUCT_NAME = "$(TARGET_NAME)";
				SWIFT_VERSION = 4.2;
				TARGETED_DEVICE_FAMILY = "1,2";
			};
			name = Debug;
		};
		8AEED4D1224ABDE900403F14 /* Release */ = {
			isa = XCBuildConfiguration;
			buildSettings = {
				ASSETCATALOG_COMPILER_APPICON_NAME = AppIcon;
				CODE_SIGN_STYLE = Automatic;
				INFOPLIST_FILE = TaxiApp/Info.plist;
				LD_RUNPATH_SEARCH_PATHS = (
					"$(inherited)",
					"@executable_path/Frameworks",
				);
				PRODUCT_BUNDLE_IDENTIFIER = com.example.TaxiApp;
				PRODUCT_NAME = "$(TARGET_NAME)";
				SWIFT_VERSION = 4.2;
				TARGETED_DEVICE_FAMILY = "1,2";
			};
			name = Release;
		};
		8AEED4D3224ABDE900403F14 /* Debug */ = {
			isa = XCBuildConfiguration;
			buildSettings = {
				ALWAYS_EMBED_SWIFT_STANDARD_LIBRARIES = YES;
				BUNDLE_LOADER = "$(TEST_HOST)";
				CODE_SIGN_STYLE = Automatic;
				INFOPLIST_FILE = TaxiAppTests/Info.plist;
				LD_RUNPATH_SEARCH_PATHS = (
					"$(inherited)",
					"@executable_path/Frameworks",
					"@loader_path/Frameworks",
				);
				PRODUCT_BUNDLE_IDENTIFIER = com.example.TaxiAppTests;
				PRODUCT_NAME = "$(TARGET_NAME)";
				SWIFT_VERSION = 4.2;
				TARGETED_DEVICE_FAMILY = "1,2";
				TEST_HOST = "$(BUILT_PRODUCTS_DIR)/TaxiApp.app/TaxiApp";
			};
			name = Debug;
		};
		8AEED4D4224ABDE900403F14 /* Release */ = {
			isa = XCBuildConfiguration;
			buildSettings = {
				ALWAYS_EMBED_SWIFT_STANDARD_LIBRARIES = YES;
				BUNDLE_LOADER = "$(TEST_HOST)";
				CODE_SIGN_STYLE = Automatic;
				INFOPLIST_FILE = TaxiAppTests/Info.plist;
				LD_RUNPATH_SEARCH_PATHS = (
					"$(inherited)",
					"@executable_path/Frameworks",
					"@loader_path/Frameworks",
				);
				PRODUCT_BUNDLE_IDENTIFIER = com.example.TaxiAppTests;
				PRODUCT_NAME = "$(TARGET_NAME)";
				SWIFT_VERSION = 4.2;
				TARGETED_DEVICE_FAMILY = "1,2";
				TEST_HOST = "$(BUILT_PRODUCTS_DIR)/TaxiApp.app/TaxiApp";
			};
			name = Release;
		};
		8AEED4D6224ABDE900403F14 /* Debug */ = {
			isa = XCBuildConfiguration;
			buildSettings = {
				ALWAYS_EMBED_SWIFT_STANDARD_LIBRARIES = YES;
				CODE_SIGN_STYLE = Automatic;
				INFOPLIST_FILE = TaxiAppUITests/Info.plist;
				LD_RUNPATH_SEARCH_PATHS = (
					"$(inherited)",
					"@executable_path/Frameworks",
					"@loader_path/Frameworks",
				);
				PRODUCT_BUNDLE_IDENTIFIER = com.example.TaxiAppUITests;
				PRODUCT_NAME = "$(TARGET_NAME)";
				SWIFT_VERSION = 4.2;
				TARGETED_DEVICE_FAMILY = "1,2";
				TEST_TARGET_NAME = TaxiApp;
			};
			name = Debug;
		};
		8AEED4D7224ABDE900403F14 /* Release */ = {
			isa = XCBuildConfiguration;
			buildSettings = {
				ALWAYS_EMBED_SWIFT_STANDARD_LIBRARIES = YES;
				CODE_SIGN_STYLE = Automatic;
				INFOPLIST_FILE = TaxiAppUITests/Info.plist;
				LD_RUNPATH_SEARCH_PATHS = (
					"$(inherited)",
					"@executable_path/Frameworks",
					"@loader_path/Frameworks",
				);
				PRODUCT_BUNDLE_IDENTIFIER = com.example.TaxiAppUITests;
				PRODUCT_NAME = "$(TARGET_NAME)";
				SWIFT_VERSION = 4.2;
				TARGETED_DEVICE_FAMILY = "1,2";
				TEST_TARGET_NAME = TaxiApp;
			};
			name = Release;
		};
/* End XCBuildConfiguration section */

/* Begin XCConfigurationList section */
		8AEED4A2224ABDE500403F14 /* Build configuration list for PBXProject "TaxiApp" */ = {
			isa = XCConfigurationList;
			buildConfigurations = (
				8AEED4CD224ABDE900403F14 /* Debug */,
				8AEED4CE224ABDE900403F14 /* Release */,
			);
			defaultConfigurationIsVisible = 0;
			defaultConfigurationName = Release;
		};
		8AEED4CF224ABDE900403F14 /* Build configuration list for PBXNativeTarget "TaxiApp" */ = {
			isa = XCConfigurationList;
			buildConfigurations = (
				8AEED4D0224ABDE900403F14 /* Debug */,
				8AEED4D1224ABDE900403F14 /* Release */,
			);
			defaultConfigurationIsVisible = 0;
			defaultConfigurationName = Release;
		};
		8AEED4D2224ABDE900403F14 /* Build configuration list for PBXNativeTarget "TaxiAppTests" */ = {
			isa = XCConfigurationList;
			buildConfigurations = (
				8AEED4D3224ABDE900403F14 /* Debug */,
				8AEED4D4224ABDE900403F14 /* Release */,
			);
			defaultConfigurationIsVisible = 0;
			defaultConfigurationName = Release;
		};
		8AEED4D5224ABDE900403F14 /* Build configuration list for PBXNativeTarget "TaxiAppUITests" */ = {
			isa = XCConfigurationList;
			buildConfigurations = (
				8AEED4D6224ABDE900403F14 /* Debug */,
				8AEED4D7224ABDE900403F14 /* Release */,
			);
			defaultConfigurationIsVisible = 0;
			defaultConfigurationName = Release;
		};
/* End XCConfigurationList section */
	};
	rootObject = 8AEED49F224ABDE500403F14 /* Project object */;
}
