// !$*UTF8*$!
{
	archiveVersion = 1;
	classes = {
	};
	objectVersion = 50;
	objects = {

/* Begin PBXBuildFile section */
		8AEED3B5224989DD00403F14 /* AppDelegate.swift in Sources */ = {isa = PBXBuildFile; fileRef = 8AEED3B4224989DD00403F14 /* AppDelegate.swift */; };
		8AEED3B7224989DD00403F14 /* ViewController.swift in Sources */ = {isa = PBXBuildFile; fileRef = 8AEED3B6224989DD00403F14 /* ViewController.swift */; };
		8AEED3BA224989DD00403F14 /* Main.storyboard in Resources */ = {isa = PBXBuildFile; fileRef = 8AEED3B8224989DD00403F14 /* Main.storyboard */; };
		8AEED3BC224989DF00403F14 /* Assets.xcassets in Resources */ = {isa = PBXBuildFile; fileRef = 8AEED3BB224989DF00403F14 /* Assets.xcassets */; };
		8AEED3BF224989DF00403F14 /* LaunchScreen.storyboard in Resources */ = {isa = PBXBuildFile; fileRef = 8AEED3BD224989DF00403F14 /* LaunchScreen.storyboard */; };
		8AEED3CA224989DF00403F14 /* Simple_Food_TrackerTests.swift in Sources */ = {isa = PBXBuildFile; fileRef = 8AEED3C9224989DF00403F14 /* Simple_Food_TrackerTests.swift */; };
		8AEED3D5224989DF00403F14 /* Simple_Food_TrackerUITests.swift in Sources */ = {isa = PBXBuildFile; fileRef = 8AEED3D4224989DF00403F14 /* Simple_Food_TrackerUITests.swift */; };
/* End PBXBuildFile section */

/* Begin PBXContainerItemProxy section */
		8AEED3C6224989DF00403F14 /* PBXContainerItemProxy */ = {
			isa = PBXContainerItemProxy;
			containerPortal = 8AEED3A9224989DD00403F14 /* Project object */;
			proxyType = 1;
			remoteGlobalIDString = 8AEED3B0224989DD00403F14;
			remoteInfo = "Simple Food Tracker";
		};
		8AEED3D1224989DF00403F14 /* PBXContainerItemProxy */ = {
			isa = PBXContainerItemProxy;
			containerPortal = 8AEED3A9224989DD00403F14 /* Project object */;
			proxyType = 1;
			remoteGlobalIDString = 8AEED3B0224989DD00403F14;
			remoteInfo = "Simple Food Tracker";
		};
/* End PBXContainerItemProxy section */

/* Begin PBXFileReference section */
		8AEED3B1224989DD00403F14 /* Simple Food Tracker.app */ = {isa = PBXFileReference; explicitFileType = wrapper.application; includeInIndex = 0; path = "Simple Food Tracker.app"; sourceTree = BUILT_PRODUCTS_DIR; };
		8AEED3B4224989DD00403F14 /* AppDelegate.swift */ = {isa = PBXFileReference; lastKnownFileType = sourcecode.swift; path = AppDelegate.swift; sourceTree = "<group>"; };
		8AEED3B6224989DD00403F14 /* ViewController.swift */ = {isa = PBXFileReference; lastKnownFileType = sourcecode.swift; path = ViewController.swift; sourceTree = "<group>"; };
		8AEED3B9224989DD00403F14 /* Base */ = {isa = PBXFileReference; lastKnownFileType = file.storyboard; name = Base; path = Base.lproj/Main.storyboard; sourceTree = "<group>"; };
		8AEED3BB224989DF00403F14 /* Assets.xcassets */ = {isa = PBXFileReference; lastKnownFileType = folder.assetcatalog; path = Assets.xcassets; sourceTree = "<group>"; };
		8AEED3BE224989DF00403F14 /* Base */ = {isa = PBXFileReference; lastKnownFileType = file.storyboard; name = Base; path = Base.lproj/LaunchScreen.storyboard; sourceTree = "<group>"; };
		8AEED3C0224989DF00403F14 /* Info.plist */ = {isa = PBXFileReference; lastKnownFileType = text.plist.xml; path = Info.plist; sourceTree = "<group>"; };
		8AEED3C5224989DF00403F14 /* Simple Food TrackerTests.xctest */ = {isa = PBXFileReference; explicitFileType = wrapper.cfbundle; includeInIndex = 0; path = "Simple Food TrackerTests.xctest"; sourceTree = BUILT_PRODUCTS_DIR; };
		8AEED3C9224989DF00403F14 /* Simple_Food_TrackerTests.swift */ = {isa = PBXFileReference; lastKnownFileType = sourcecode.swift; path = Simple_Food_TrackerTests.swift; sourceTree = "<group>"; };
		8AEED3CB224989DF00403F14 /* Info.plist */ = {isa = PBXFileReference; lastKnownFileType = text.plist.xml; path = Info.plist; sourceTree = "<group>"; };
		8AEED3D0224989DF00403F14 /* Simple Food TrackerUITests.xctest */ = {isa = PBXFileReference; explicitFileType = wrapper.cfbundle; includeInIndex = 0; path = "Simple Food TrackerUITests.xctest"; sourceTree = BUILT_PRODUCTS_DIR; };
		8AEED3D4224989DF00403F14 /* Simple_Food_TrackerUITests.swift */ = {isa = PBXFileReference; lastKnownFileType = sourcecode.swift; path = Simple_Food_TrackerUITests.swift; sourceTree = "<group>"; };
		8AEED3D6224989DF00403F14 /* Info.plist */ = {isa = PBXFileReference; lastKnownFileType = text.plist.xml; path = Info.plist; sourceTree = "<group>"; };
/* End PBXFileReference section */

/* Begin PBXFrameworksBuildPhase section */
		8AEED3AE224989DD00403F14 /* Frameworks */ = {
			isa = PBXFrameworksBuildPhase;
			buildActionMask = 2147483647;
			files = (
			);
			runOnlyForDeploymentPostprocessing = 0;
		};
		8AEED3C2224989DF00403F14 /* Frameworks */ = {
			isa = PBXFrameworksBuildPhase;
			buildActionMask = 2147483647;
			files = (
			);
			runOnlyForDeploymentPostprocessing = 0;
		};
		8AEED3CD224989DF00403F14 /* Frameworks */ = {
			isa = PBXFrameworksBuildPhase;
			buildActionMask = 2147483647;
			files = (
			);
			runOnlyForDeploymentPostprocessing = 0;
		};
/* End PBXFrameworksBuildPhase section */

/* Begin PBXGroup section */
		8AEED3A8224989DD00403F14 = {
			isa = PBXGroup;
			children = (
				8AEED3B3224989DD00403F14 /* Simple Food Tracker */,
				8AEED3C8224989DF00403F14 /* Simple Food TrackerTests */,
				8AEED3D3224989DF00403F14 /* Simple Food TrackerUITests */,
				8AEED3B2224989DD00403F14 /* Products */,
			);
			sourceTree = "<group>";
		};
		8AEED3B2224989DD00403F14 /* Products */ = {
			isa = PBXGroup;
			children = (
				8AEED3B1224989DD00403F14 /* Simple Food Tracker.app */,
				8AEED3C5224989DF00403F14 /* Simple Food TrackerTests.xctest */,
				8AEED3D0224989DF00403F14 /* Simple Food TrackerUITests.xctest */,
			);
			name = Products;
			sourceTree = "<group>";
		};
		8AEED3B3224989DD00403F14 /* Simple Food Tracker */ = {
			isa = PBXGroup;
			children = (
				8AEED3B4224989DD00403F14 /* AppDelegate.swift */,
				8AEED3B6224989DD00403F14 /* ViewController.swift */,
				8AEED3B8224989DD00403F14 /* Main.storyboard */,
				8AEED3BB224989DF00403F14 /* Assets.xcassets */,
				8AEED3BD224989DF00403F14 /* LaunchScreen.storyboard */,
				8AEED3C0224989DF00403F14 /* Info.plist */,
			);
			path = "Simple Food Tracker";
			sourceTree = "<group>";
		};
		8AEED3C8224989DF00403F14 /* Simple Food TrackerTests */ = {
			isa = PBXGroup;
			children = (
				8AEED3C9224989DF00403F14 /* Simple_Food_TrackerTests.swift */,
				8AEED3CB224989DF00403F14 /* Info.plist */,
			);
			path = "Simple Food TrackerTests";
			sourceTree = "<group>";
		};
		8AEED3D3224989DF00403F14 /* Simple Food TrackerUITests */ = {
			isa = PBXGroup;
			children = (
				8AEED3D4224989DF00403F14 /* Simple_Food_TrackerUITests.swift */,
				8AEED3D6224989DF00403F14 /* Info.plist */,
			);
			path = "Simple Food TrackerUITests";
			sourceTree = "<group>";
		};
/* End PBXGroup section */

/* Begin PBXNativeTarget section */
		8AEED3B0224989DD00403F14 /* Simple Food Tracker */ = {
			isa = PBXNativeTarget;
			buildConfigurationList = 8AEED3D9224989DF00403F14 /* Build configuration list for PBXNativeTarget "Simple Food Tracker" */;
			buildPhases = (
				8AEED3AD224989DD00403F14 /* Sources */,
				8AEED3AE224989DD00403F14 /* Frameworks */,
				8AEED3AF224989DD00403F14 /* Resources */,
			);
			buildRules = (
			);
			dependencies = (
			);
			name = "Simple Food Tracker";
			productName = "Simple Food Tracker";
			productReference = 8AEED3B1224989DD00403F14 /* Simple Food Tracker.app */;
			productType = "com.apple.product-type.application";
		};
		8AEED3C4224989DF00403F14 /* Simple Food TrackerTests */ = {
			isa = PBXNativeTarget;
			buildConfigurationList = 8AEED3DC224989DF00403F14 /* Build configuration list for PBXNativeTarget "Simple Food TrackerTests" */;
			buildPhases = (
				8AEED3C1224989DF00403F14 /* Sources */,
				8AEED3C2224989DF00403F14 /* Frameworks */,
				8AEED3C3224989DF00403F14 /* Resources */,
			);
			buildRules = (
			);
			dependencies = (
				8AEED3C7224989DF00403F14 /* PBXTargetDependency */,
			);
			name = "Simple Food TrackerTests";
			productName = "Simple Food TrackerTests";
			productReference = 8AEED3C5224989DF00403F14 /* Simple Food TrackerTests.xctest */;
			productType = "com.apple.product-type.bundle.unit-test";
		};
		8AEED3CF224989DF00403F14 /* Simple Food TrackerUITests */ = {
			isa = PBXNativeTarget;
			buildConfigurationList = 8AEED3DF224989DF00403F14 /* Build configuration list for PBXNativeTarget "Simple Food TrackerUITests" */;
			buildPhases = (
				8AEED3CC224989DF00403F14 /* Sources */,
				8AEED3CD224989DF00403F14 /* Frameworks */,
				8AEED3CE224989DF00403F14 /* Resources */,
			);
			buildRules = (
			);
			dependencies = (
				8AEED3D2224989DF00403F14 /* PBXTargetDependency */,
			);
			name = "Simple Food TrackerUITests";
			productName = "Simple Food TrackerUITests";
			productReference = 8AEED3D0224989DF00403F14 /* Simple Food TrackerUITests.xctest */;
			productType = "com.apple.product-type.bundle.ui-testing";
		};
/* End PBXNativeTarget section */

/* Begin PBXProject section */
		8AEED3A9224989DD00403F14 /* Project object */ = {
			isa = PBXProject;
			attributes = {
				LastSwiftUpdateCheck = 1010;
				LastUpgradeCheck = 1010;
				ORGANIZATIONNAME = "Jing Wei Nicholas Lim";
				TargetAttributes = {
					8AEED3B0224989DD00403F14 = {
						CreatedOnToolsVersion = 10.1;
					};
					8AEED3C4224989DF00403F14 = {
						CreatedOnToolsVersion = 10.1;
						TestTargetID = 8AEED3B0224989DD00403F14;
					};
					8AEED3CF224989DF00403F14 = {
						CreatedOnToolsVersion = 10.1;
						TestTargetID = 8AEED3B0224989DD00403F14;
					};
				};
			};
			buildConfigurationList = 8AEED3AC224989DD00403F14 /* Build configuration list for PBXProject "Simple Food Tracker" */;
			compatibilityVersion = "Xcode 9.3";
			developmentRegion = en;
			hasScannedForEncodings = 0;
			knownRegions = (
				en,
				Base,
			);
			mainGroup = 8AEED3A8224989DD00403F14;
			productRefGroup = 8AEED3B2224989DD00403F14 /* Products */;
			projectDirPath = "";
			projectRoot = "";
			targets = (
				8AEED3B0224989DD00403F14 /* Simple Food Tracker */,
				8AEED3C4224989DF00403F14 /* Simple Food TrackerTests */,
				8AEED3CF224989DF00403F14 /* Simple Food TrackerUITests */,
			);
		};
/* End PBXProject section */

/* Begin PBXResourcesBuildPhase section */
		8AEED3AF224989DD00403F14 /* Resources */ = {
			isa = PBXResourcesBuildPhase;
			buildActionMask = 2147483647;
			files = (
				8AEED3BF224989DF00403F14 /* LaunchScreen.storyboard in Resources */,
				8AEED3BC224989DF00403F14 /* Assets.xcassets in Resources */,
				8AEED3BA224989DD00403F14 /* Main.storyboard in Resources */,
			);
			runOnlyForDeploymentPostprocessing = 0;
		};
		8AEED3C3224989DF00403F14 /* Resources */ = {
			isa = PBXResourcesBuildPhase;
			buildActionMask = 2147483647;
			files = (
			);
			runOnlyForDeploymentPostprocessing = 0;
		};
		8AEED3CE224989DF00403F14 /* Resources */ = {
			isa = PBXResourcesBuildPhase;
			buildActionMask = 2147483647;
			files = (
			);
			runOnlyForDeploymentPostprocessing = 0;
		};
/* End PBXResourcesBuildPhase section */

/* Begin PBXSourcesBuildPhase section */
		8AEED3AD224989DD00403F14 /* Sources */ = {
			isa = PBXSourcesBuildPhase;
			buildActionMask = 2147483647;
			files = (
				8AEED3B7224989DD00403F14 /* ViewController.swift in Sources */,
				8AEED3B5224989DD00403F14 /* AppDelegate.swift in Sources */,
			);
			runOnlyForDeploymentPostprocessing = 0;
		};
		8AEED3C1224989DF00403F14 /* Sources */ = {
			isa = PBXSourcesBuildPhase;
			buildActionMask = 2147483647;
			files = (
				8AEED3CA224989DF00403F14 /* Simple_Food_TrackerTests.swift in Sources */,
			);
			runOnlyForDeploymentPostprocessing = 0;
		};
		8AEED3CC224989DF00403F14 /* Sources */ = {
			isa = PBXSourcesBuildPhase;
			buildActionMask = 2147483647;
			files = (
				8AEED3D5224989DF00403F14 /* Simple_Food_TrackerUITests.swift in Sources */,
			);
			runOnlyForDeploymentPostprocessing = 0;
		};
/* End PBXSourcesBuildPhase section */

/* Begin PBXTargetDependency section */
		8AEED3C7224989DF00403F14 /* PBXTargetDependency */ = {
			isa = PBXTargetDependency;
			target = 8AEED3B0224989DD00403F14 /* Simple Food Tracker */;
			targetProxy = 8AEED3C6224989DF00403F14 /* PBXContainerItemProxy */;
		};
		8AEED3D2224989DF00403F14 /* PBXTargetDependency */ = {
			isa = PBXTargetDependency;
			target = 8AEED3B0224989DD00403F14 /* Simple Food Tracker */;
			targetProxy = 8AEED3D1224989DF00403F14 /* PBXContainerItemProxy */;
		};
/* End PBXTargetDependency section */

/* Begin PBXVariantGroup section */
		8AEED3B8224989DD00403F14 /* Main.storyboard */ = {
			isa = PBXVariantGroup;
			children = (
				8AEED3B9224989DD00403F14 /* Base */,
			);
			name = Main.storyboard;
			sourceTree = "<group>";
		};
		8AEED3BD224989DF00403F14 /* LaunchScreen.storyboard */ = {
			isa = PBXVariantGroup;
			children = (
				8AEED3BE224989DF00403F14 /* Base */,
			);
			name = LaunchScreen.storyboard;
			sourceTree = "<group>";
		};
/* End PBXVariantGroup section */

/* Begin XCBuildConfiguration section */
		8AEED3D7224989DF00403F14 /* Debug */ = {
			isa = XCBuildConfiguration;
			buildSettings = {
				ALWAYS_SEARCH_USER_PATHS = NO;
				CLANG_ANALYZER_NONNULL = YES;
				CLANG_ANALYZER_NUMBER_OBJECT_CONVERSION = YES_AGGRESSIVE;
				CLANG_CXX_LANGUAGE_STANDARD = "gnu++14";
				CLANG_CXX_LIBRARY = "libc++";
				CLANG_ENABLE_MODULES = YES;
				CLANG_ENABLE_OBJC_ARC = YES;
				CLANG_ENABLE_OBJC_WEAK = YES;
				CLANG_WARN_BLOCK_CAPTURE_AUTORELEASING = YES;
				CLANG_WARN_BOOL_CONVERSION = YES;
				CLANG_WARN_COMMA = YES;
				CLANG_WARN_CONSTANT_CONVERSION = YES;
				CLANG_WARN_DEPRECATED_OBJC_IMPLEMENTATIONS = YES;
				CLANG_WARN_DIRECT_OBJC_ISA_USAGE = YES_ERROR;
				CLANG_WARN_DOCUMENTATION_COMMENTS = YES;
				CLANG_WARN_EMPTY_BODY = YES;
				CLANG_WARN_ENUM_CONVERSION = YES;
				CLANG_WARN_INFINITE_RECURSION = YES;
				CLANG_WARN_INT_CONVERSION = YES;
				CLANG_WARN_NON_LITERAL_NULL_CONVERSION = YES;
				CLANG_WARN_OBJC_IMPLICIT_RETAIN_SELF = YES;
				CLANG_WARN_OBJC_LITERAL_CONVERSION = YES;
				CLANG_WARN_OBJC_ROOT_CLASS = YES_ERROR;
				CLANG_WARN_RANGE_LOOP_ANALYSIS = YES;
				CLANG_WARN_STRICT_PROTOTYPES = YES;
				CLANG_WARN_SUSPICIOUS_MOVE = YES;
				CLANG_WARN_UNGUARDED_AVAILABILITY = YES_AGGRESSIVE;
				CLANG_WARN_UNREACHABLE_CODE = YES;
				CLANG_WARN__DUPLICATE_METHOD_MATCH = YES;
				CODE_SIGN_IDENTITY = "iPhone Developer";
				COPY_PHASE_STRIP = NO;
				DEBUG_INFORMATION_FORMAT = dwarf;
				ENABLE_STRICT_OBJC_MSGSEND = YES;
				ENABLE_TESTABILITY = YES;
				GCC_C_LANGUAGE_STANDARD = gnu11;
				GCC_DYNAMIC_NO_PIC = NO;
				GCC_NO_COMMON_BLOCKS = YES;
				GCC_OPTIMIZATION_LEVEL = 0;
				GCC_PREPROCESSOR_DEFINITIONS = (
					"DEBUG=1",
					"$(inherited)",
				);
				GCC_WARN_64_TO_32_BIT_CONVERSION = YES;
				GCC_WARN_ABOUT_RETURN_TYPE = YES_ERROR;
				GCC_WARN_UNDECLARED_SELECTOR = YES;
				GCC_WARN_UNINITIALIZED_AUTOS = YES_AGGRESSIVE;
				GCC_WARN_UNUSED_FUNCTION = YES;
				GCC_WARN_UNUSED_VARIABLE = YES;
				IPHONEOS_DEPLOYMENT_TARGET = 12.1;
				MTL_ENABLE_DEBUG_INFO = INCLUDE_SOURCE;
				MTL_FAST_MATH = YES;
				ONLY_ACTIVE_ARCH = YES;
				SDKROOT = iphoneos;
				SWIFT_ACTIVE_COMPILATION_CONDITIONS = DEBUG;
				SWIFT_OPTIMIZATION_LEVEL = "-Onone";
			};
			name = Debug;
		};
		8AEED3D8224989DF00403F14 /* Release */ = {
			isa = XCBuildConfiguration;
			buildSettings = {
				ALWAYS_SEARCH_USER_PATHS = NO;
				CLANG_ANALYZER_NONNULL = YES;
				CLANG_ANALYZER_NUMBER_OBJECT_CONVERSION = YES_AGGRESSIVE;
				CLANG_CXX_LANGUAGE_STANDARD = "gnu++14";
				CLANG_CXX_LIBRARY = "libc++";
				CLANG_ENABLE_MODULES = YES;
				CLANG_ENABLE_OBJC_ARC = YES;
				CLANG_ENABLE_OBJC_WEAK = YES;
				CLANG_WARN_BLOCK_CAPTURE_AUTORELEASING = YES;
				CLANG_WARN_BOOL_CONVERSION = YES;
				CLANG_WARN_COMMA = YES;
				CLANG_WARN_CONSTANT_CONVERSION = YES;
				CLANG_WARN_DEPRECATED_OBJC_IMPLEMENTATIONS = YES;
				CLANG_WARN_DIRECT_OBJC_ISA_USAGE = YES_ERROR;
				CLANG_WARN_DOCUMENTATION_COMMENTS = YES;
				CLANG_WARN_EMPTY_BODY = YES;
				CLANG_WARN_ENUM_CONVERSION = YES;
				CLANG_WARN_INFINITE_RECURSION = YES;
				CLANG_WARN_INT_CONVERSION = YES;
				CLANG_WARN_NON_LITERAL_NULL_CONVERSION = YES;
				CLANG_WARN_OBJC_IMPLICIT_RETAIN_SELF = YES;
				CLANG_WARN_OBJC_LITERAL_CONVERSION = YES;
				CLANG_WARN_OBJC_ROOT_CLASS = YES_ERROR;
				CLANG_WARN_RANGE_LOOP_ANALYSIS = YES;
				CLANG_WARN_STRICT_PROTOTYPES = YES;
				CLANG_WARN_SUSPICIOUS_MOVE = YES;
				CLANG_WARN_UNGUARDED_AVAILABILITY = YES_AGGRESSIVE;
				CLANG_WARN_UNREACHABLE_CODE = YES;
				CLANG_WARN__DUPLICATE_METHOD_MATCH = YES;
				CODE_SIGN_IDENTITY = "iPhone Developer";
				COPY_PHASE_STRIP = NO;
				DEBUG_INFORMATION_FORMAT = "dwarf-with-dsym";
				ENABLE_NS_ASSERTIONS = NO;
				ENABLE_STRICT_OBJC_MSGSEND = YES;
				GCC_C_LANGUAGE_STANDARD = gnu11;
				GCC_NO_COMMON_BLOCKS = YES;
				GCC_WARN_64_TO_32_BIT_CONVERSION = YES;
				GCC_WARN_ABOUT_RETURN_TYPE = YES_ERROR;
				GCC_WARN_UNDECLARED_SELECTOR = YES;
				GCC_WARN_UNINITIALIZED_AUTOS = YES_AGGRESSIVE;
				GCC_WARN_UNUSED_FUNCTION = YES;
				GCC_WARN_UNUSED_VARIABLE = YES;
				IPHONEOS_DEPLOYMENT_TARGET = 12.1;
				MTL_ENABLE_DEBUG_INFO = NO;
				MTL_FAST_MATH = YES;
				SDKROOT = iphoneos;
				SWIFT_COMPILATION_MODE = wholemodule;
				SWIFT_OPTIMIZATION_LEVEL = "-O";
				VALIDATE_PRODUCT = YES;
			};
			name = Release;
		};
		8AEED3DA224989DF00403F14 /* Debug */ = {
			isa = XCBuildConfiguration;
			buildSettings = {
				ASSETCATALOG_COMPILER_APPICON_NAME = AppIcon;
				CODE_SIGN_STYLE = Automatic;
				INFOPLIST_FILE = "Simple Food Tracker/Info.plist";
				LD_RUNPATH_SEARCH_PATHS = (
					"$(inherited)",
					"@executable_path/Frameworks",
				);
				PRODUCT_BUNDLE_IDENTIFIER = "com.example.Simple-Food-Tracker";
				PRODUCT_NAME = "$(TARGET_NAME)";
				SWIFT_VERSION = 4.2;
				TARGETED_DEVICE_FAMILY = "1,2";
			};
			name = Debug;
		};
		8AEED3DB224989DF00403F14 /* Release */ = {
			isa = XCBuildConfiguration;
			buildSettings = {
				ASSETCATALOG_COMPILER_APPICON_NAME = AppIcon;
				CODE_SIGN_STYLE = Automatic;
				INFOPLIST_FILE = "Simple Food Tracker/Info.plist";
				LD_RUNPATH_SEARCH_PATHS = (
					"$(inherited)",
					"@executable_path/Frameworks",
				);
				PRODUCT_BUNDLE_IDENTIFIER = "com.example.Simple-Food-Tracker";
				PRODUCT_NAME = "$(TARGET_NAME)";
				SWIFT_VERSION = 4.2;
				TARGETED_DEVICE_FAMILY = "1,2";
			};
			name = Release;
		};
		8AEED3DD224989DF00403F14 /* Debug */ = {
			isa = XCBuildConfiguration;
			buildSettings = {
				ALWAYS_EMBED_SWIFT_STANDARD_LIBRARIES = YES;
				BUNDLE_LOADER = "$(TEST_HOST)";
				CODE_SIGN_STYLE = Automatic;
				INFOPLIST_FILE = "Simple Food TrackerTests/Info.plist";
				LD_RUNPATH_SEARCH_PATHS = (
					"$(inherited)",
					"@executable_path/Frameworks",
					"@loader_path/Frameworks",
				);
				PRODUCT_BUNDLE_IDENTIFIER = "com.example.Simple-Food-TrackerTests";
				PRODUCT_NAME = "$(TARGET_NAME)";
				SWIFT_VERSION = 4.2;
				TARGETED_DEVICE_FAMILY = "1,2";
				TEST_HOST = "$(BUILT_PRODUCTS_DIR)/Simple Food Tracker.app/Simple Food Tracker";
			};
			name = Debug;
		};
		8AEED3DE224989DF00403F14 /* Release */ = {
			isa = XCBuildConfiguration;
			buildSettings = {
				ALWAYS_EMBED_SWIFT_STANDARD_LIBRARIES = YES;
				BUNDLE_LOADER = "$(TEST_HOST)";
				CODE_SIGN_STYLE = Automatic;
				INFOPLIST_FILE = "Simple Food TrackerTests/Info.plist";
				LD_RUNPATH_SEARCH_PATHS = (
					"$(inherited)",
					"@executable_path/Frameworks",
					"@loader_path/Frameworks",
				);
				PRODUCT_BUNDLE_IDENTIFIER = "com.example.Simple-Food-TrackerTests";
				PRODUCT_NAME = "$(TARGET_NAME)";
				SWIFT_VERSION = 4.2;
				TARGETED_DEVICE_FAMILY = "1,2";
				TEST_HOST = "$(BUILT_PRODUCTS_DIR)/Simple Food Tracker.app/Simple Food Tracker";
			};
			name = Release;
		};
		8AEED3E0224989DF00403F14 /* Debug */ = {
			isa = XCBuildConfiguration;
			buildSettings = {
				ALWAYS_EMBED_SWIFT_STANDARD_LIBRARIES = YES;
				CODE_SIGN_STYLE = Automatic;
				INFOPLIST_FILE = "Simple Food TrackerUITests/Info.plist";
				LD_RUNPATH_SEARCH_PATHS = (
					"$(inherited)",
					"@executable_path/Frameworks",
					"@loader_path/Frameworks",
				);
				PRODUCT_BUNDLE_IDENTIFIER = "com.example.Simple-Food-TrackerUITests";
				PRODUCT_NAME = "$(TARGET_NAME)";
				SWIFT_VERSION = 4.2;
				TARGETED_DEVICE_FAMILY = "1,2";
				TEST_TARGET_NAME = "Simple Food Tracker";
			};
			name = Debug;
		};
		8AEED3E1224989DF00403F14 /* Release */ = {
			isa = XCBuildConfiguration;
			buildSettings = {
				ALWAYS_EMBED_SWIFT_STANDARD_LIBRARIES = YES;
				CODE_SIGN_STYLE = Automatic;
				INFOPLIST_FILE = "Simple Food TrackerUITests/Info.plist";
				LD_RUNPATH_SEARCH_PATHS = (
					"$(inherited)",
					"@executable_path/Frameworks",
					"@loader_path/Frameworks",
				);
				PRODUCT_BUNDLE_IDENTIFIER = "com.example.Simple-Food-TrackerUITests";
				PRODUCT_NAME = "$(TARGET_NAME)";
				SWIFT_VERSION = 4.2;
				TARGETED_DEVICE_FAMILY = "1,2";
				TEST_TARGET_NAME = "Simple Food Tracker";
			};
			name = Release;
		};
/* End XCBuildConfiguration section */

/* Begin XCConfigurationList section */
		8AEED3AC224989DD00403F14 /* Build configuration list for PBXProject "Simple Food Tracker" */ = {
			isa = XCConfigurationList;
			buildConfigurations = (
				8AEED3D7224989DF00403F14 /* Debug */,
				8AEED3D8224989DF00403F14 /* Release */,
			);
			defaultConfigurationIsVisible = 0;
			defaultConfigurationName = Release;
		};
		8AEED3D9224989DF00403F14 /* Build configuration list for PBXNativeTarget "Simple Food Tracker" */ = {
			isa = XCConfigurationList;
			buildConfigurations = (
				8AEED3DA224989DF00403F14 /* Debug */,
				8AEED3DB224989DF00403F14 /* Release */,
			);
			defaultConfigurationIsVisible = 0;
			defaultConfigurationName = Release;
		};
		8AEED3DC224989DF00403F14 /* Build configuration list for PBXNativeTarget "Simple Food TrackerTests" */ = {
			isa = XCConfigurationList;
			buildConfigurations = (
				8AEED3DD224989DF00403F14 /* Debug */,
				8AEED3DE224989DF00403F14 /* Release */,
			);
			defaultConfigurationIsVisible = 0;
			defaultConfigurationName = Release;
		};
		8AEED3DF224989DF00403F14 /* Build configuration list for PBXNativeTarget "Simple Food TrackerUITests" */ = {
			isa = XCConfigurationList;
			buildConfigurations = (
				8AEED3E0224989DF00403F14 /* Debug */,
				8AEED3E1224989DF00403F14 /* Release */,
			);
			defaultConfigurationIsVisible = 0;
			defaultConfigurationName = Release;
		};
/* End XCConfigurationList section */
	};
	rootObject = 8AEED3A9224989DD00403F14 /* Project object */;
}
